{
  "name": "@moca/moca-financial",
  "version": "1.0.0-alpha.0",
  "lockfileVersion": 1,
  "requires": true,
  "dependencies": {
    "@liquid-labs/gucci-wrapper": {
      "version": "1.0.0-alpha.2",
      "resolved": "https://registry.npmjs.org/@liquid-labs/gucci-wrapper/-/gucci-wrapper-1.0.0-alpha.2.tgz",
      "integrity": "sha512-Rp2mNyYRgYoAgEbVDuNcGrAuDuumsRrE3wCSzSDLvrhTFFZCo9wMq3jWN8HA+aq/3vR0ZE+y/0CSY45JEpHT1g=="
    },
    "@liquid-labs/policies-model": {
      "version": "1.0.0-beta.23",
      "resolved": "https://registry.npmjs.org/@liquid-labs/policies-model/-/policies-model-1.0.0-beta.23.tgz",
      "integrity": "sha512-etrcrEie7ZgfNM4qHqEOOlZPWjiWdOf0C0ivU6EWztoVcAzMsGM+yBDYAnk8C/OjCqXnvi2k/DiYPDGLkdvmhA==",
      "requires": {
        "@liquid-labs/gucci-wrapper": "^1.0.0-alpha.2",
        "fs": "0.0.1-security",
        "tsv": "^0.2.0"
      }
    },
    "@liquid-labs/policy-core": {
      "version": "1.0.0-alpha.5",
      "resolved": "https://registry.npmjs.org/@liquid-labs/policy-core/-/policy-core-1.0.0-alpha.5.tgz",
      "integrity": "sha512-GAk3mXgZGyEVSoe3c8ZXu2ugM4vvKGzdhv2Q4sVMWbjX/yxo5Xm4FyNrSIc2OgL46nZDvU3CXTSBWhF+GrbfjQ==",
      "requires": {
        "@liquid-labs/policies-model": "^1.0.0-beta.6"
      }
    },
    "@liquid-labs/policy-data": {
      "version": "1.0.0-alpha.2",
      "resolved": "https://registry.npmjs.org/@liquid-labs/policy-data/-/policy-data-1.0.0-alpha.2.tgz",
      "integrity": "sha512-dkyD9HgTWvAVcIAI7N3U6jHe6AxbZ2TD5iV4TnRZzIxlEvVbNuw07v4c5I14P4KovOlfZe/95paPEqP65Y60KA=="
    },
    "@liquid-labs/policy-devices": {
      "version": "1.0.0-alpha.4",
      "resolved": "https://registry.npmjs.org/@liquid-labs/policy-devices/-/policy-devices-1.0.0-alpha.4.tgz",
      "integrity": "sha512-B+xdtiwyN/sKBkdyTU9pBBugwEvT1U009sKoTZh416f+7VxijH7XEqWZlKP0zGBUPvMKUI0a0cBwXkWtqcR6NQ==",
      "requires": {
        "@liquid-labs/policy-security": "^1.0.0-alpha.2",
        "@liquid-labs/policy-staff": "^1.0.0-alpha.2"
      }
    },
    "@liquid-labs/policy-devops": {
      "version": "1.0.0-alpha.15",
      "resolved": "https://registry.npmjs.org/@liquid-labs/policy-devops/-/policy-devops-1.0.0-alpha.15.tgz",
      "integrity": "sha512-qNcJe4vfoqnSNb5tJdz/9pFoBa2Lm9Ov7L1rroeDWzwRiswJyTZzOs3DphO4iupaOs0CbrabINLXtggG4RxzrA=="
    },
    "@liquid-labs/policy-security": {
      "version": "1.0.0-alpha.12",
      "resolved": "https://registry.npmjs.org/@liquid-labs/policy-security/-/policy-security-1.0.0-alpha.12.tgz",
      "integrity": "sha512-p9gnmCxIJftPrZuqvjCgq91UTIQBoO+KkziNkSeOruUljYhPsEJTi4tiy2Ekw7GcxylhRwwdiUN/dvFYbRi1Ug=="
    },
    "@liquid-labs/policy-staff": {
      "version": "1.0.0-alpha.3",
      "resolved": "https://registry.npmjs.org/@liquid-labs/policy-staff/-/policy-staff-1.0.0-alpha.3.tgz",
      "integrity": "sha512-kUw8RRjJAVvL8rbOrIBJdhkKAh2+Jrg80AsVw8vr3TxLOhdBc9iLRc9BOoRNAGNDcqOXpBFwIy4tSelwlhzRvA=="
    },
    "@liquid-labs/policy-wireless": {
      "version": "1.0.0-alpha.1",
      "resolved": "https://registry.npmjs.org/@liquid-labs/policy-wireless/-/policy-wireless-1.0.0-alpha.1.tgz",
      "integrity": "sha512-CIhlvoFD7lw6SjmaBl59ToEQNRzvLGWnmybcXBtSX0KtmAxYHKohJ/aHHfL22o3n5WJyWgXuEskb7LIVh/qS/A=="
    },
    "@moca/moca-financial-policy": {
      "version": "1.0.0-alpha.4",
      "resolved": "https://registry.npmjs.org/@moca/moca-financial-policy/-/moca-financial-policy-1.0.0-alpha.4.tgz",
      "integrity": "sha512-I+itsSS3N8dE+kUqvowLITaBEGQfVmfwk80gXDoPkoSt/DiT/6vzQYaQl0Y0ua45+rAmbs5cRMT+uG8CjPOZYQ==",
      "requires": {
        "@liquid-labs/policies-model": "^1.0.0-beta.22",
        "@liquid-labs/policy-core": "^1.0.0-alpha.4",
        "@liquid-labs/policy-data": "^1.0.0-alpha.2",
        "@liquid-labs/policy-devices": "^1.0.0-alpha.3",
        "@liquid-labs/policy-devops": "^1.0.0-alpha.15",
        "@liquid-labs/policy-security": "^1.0.0-alpha.12",
        "@liquid-labs/policy-staff": "^1.0.0-alpha.3",
        "@liquid-labs/policy-wireless": "^1.0.0-alpha.1"
      }
    },
    "fs": {
      "version": "0.0.1-security",
      "resolved": "https://registry.npmjs.org/fs/-/fs-0.0.1-security.tgz",
      "integrity": "sha1-invTcYa23d84E/I4WLV+yq9eQdQ="
    },
    "tsv": {
      "version": "0.2.0",
      "resolved": "https://registry.npmjs.org/tsv/-/tsv-0.2.0.tgz",
      "integrity": "sha1-koaaPLX1AzLz3JD8qCvmZ9tvctY="
    }
  }
}
