{
  "name": "@moca/moca-financial",
  "version": "1.0.0-alpha.0",
  "lockfileVersion": 1,
  "requires": true,
  "dependencies": {
    "@liquid-labs/gucci-wrapper": {
      "version": "1.0.0-alpha.2",
      "resolved": "https://registry.npmjs.org/@liquid-labs/gucci-wrapper/-/gucci-wrapper-1.0.0-alpha.2.tgz",
      "integrity": "sha512-Rp2mNyYRgYoAgEbVDuNcGrAuDuumsRrE3wCSzSDLvrhTFFZCo9wMq3jWN8HA+aq/3vR0ZE+y/0CSY45JEpHT1g=="
    },
    "@liquid-labs/policies-model": {
      "version": "1.0.0-beta.32",
      "resolved": "https://registry.npmjs.org/@liquid-labs/policies-model/-/policies-model-1.0.0-beta.32.tgz",
      "integrity": "sha512-SmLJID0qJOeRqT0gX9BVaadEzaqeplFpXeI5Ma4McrrYcz3D5OgZkBRC4LZHZv+oayqURx8StFJEB/GVHo1ucw==",
      "requires": {
        "@liquid-labs/gucci-wrapper": "^1.0.0-alpha.2",
        "fs": "0.0.1-security",
        "tsv": "^0.2.0"
      }
    },
    "fs": {
      "version": "0.0.1-security",
      "resolved": "https://registry.npmjs.org/fs/-/fs-0.0.1-security.tgz",
      "integrity": "sha1-invTcYa23d84E/I4WLV+yq9eQdQ="
    },
    "tsv": {
      "version": "0.2.0",
      "resolved": "https://registry.npmjs.org/tsv/-/tsv-0.2.0.tgz",
      "integrity": "sha1-koaaPLX1AzLz3JD8qCvmZ9tvctY="
    }
  }
}
